{
  "lockfileVersion": 2,
  "configVersion": 1,
  "workspaces": {
    "": {
      "dependencies": {
        "@types/bcryptjs": "^3.0.0",
        "bcryptjs": "^3.0.3",
        "face-api.js": "^0.22.2",
        "sql.js": "^1.14.2",
      },
      "devDependencies": {
        "@types/sql.js": "^1.4.11",
      },
    },
  },
  "packages": {
    "@tensorflow/tfjs-core": ["@tensorflow/tfjs-core@1.7.0", "", { "dependencies": { "@types/offscreencanvas": "~2019.3.0", "@types/seedrandom": "2.4.27", "@types/webgl-ext": "0.0.30", "@types/webgl2": "0.0.4", "node-fetch": "~2.1.2", "seedrandom": "2.4.3" } }, "sha512-uwQdiklNjqBnHPeseOdG0sGxrI3+d6lybaKu2+ou3ajVeKdPEwpWbgqA6iHjq1iylnOGkgkbbnQ6r2lwkiIIHw=="],

    "@types/bcryptjs": ["@types/bcryptjs@3.0.0", "", { "dependencies": { "bcryptjs": "*" } }, "sha512-WRZOuCuaz8UcZZE4R5HXTco2goQSI2XxjGY3hbM/xDvwmqFWd4ivooImsMx65OKM6CtNKbnZ5YL+YwAwK7c1dg=="],

    "@types/emscripten": ["@types/emscripten@1.41.6", "", {}, "sha512-uN+9i8bFT5CUcZfyIEYDrSueACEyKGbUs5kC/72DGlZZoinh84sJfVV0i8UOJD1asdzkvLPBRrKs41kZ8MdEXg=="],

    "@types/node": ["@types/node@26.6.2", "", { "dependencies": { "undici-types": "~8.9.0" } }, "sha512-X1P21scMv4zGKLYqjdGjaKa7COa0RKVYYZZN/NfvLQ1JegxFhdhpZG/Lyn8AXx6CDUavKAd11v6BvfpkDByK8g=="],

    "@types/offscreencanvas": ["@types/offscreencanvas@2019.3.0", "", {}, "sha512-esIJx9bQg+QYF0ra8GnvfianIY8qWB0GBx54PK5Eps6m+xTj86KLavHv6qDhzKcu5UUOgNfJ2pWaIIV7TRUd9Q=="],

    "@types/seedrandom": ["@types/seedrandom@2.4.27", "", {}, "sha512-YvMLqFak/7rt//lPBtEHv3M4sRNA+HGxrhFZ+DQs9K2IkYJbNwVIb8avtJfhDiuaUBX/AW0jnjv48FV8h3u9bQ=="],

    "@types/sql.js": ["@types/sql.js@1.4.11", "", { "dependencies": { "@types/emscripten": "*", "@types/node": "*" } }, "sha512-QXIx38p2ZThJaK9vP5ZdqdlRe1FG9I8SmCZOS7FHfB/2qPAjZwkL7/vlfPg6N/oWHuuOaGg/P/IRwfP2W0kWVQ=="],

    "@types/webgl-ext": ["@types/webgl-ext@0.0.30", "", {}, "sha512-LKVgNmBxN0BbljJrVUwkxwRYqzsAEPcZOe6S2T6ZaBDIrFp0qu4FNlpc5sM1tGbXUYFgdVQIoeLk1Y1UoblyEg=="],

    "@types/webgl2": ["@types/webgl2@0.0.4", "", {}, "sha512-PACt1xdErJbMUOUweSrbVM7gSIYm1vTncW2hF6Os/EeWi6TXYAYMPp+8v6rzHmypE5gHrxaxZNXgMkJVIdZpHw=="],

    "bcryptjs": ["bcryptjs@3.0.3", "", { "bin": { "bcrypt": "bin/bcrypt" } }, "sha512-GlF5wPWnSa/X5LKM1o0wz0suXIINz1iHRLvTS+sLyi7XPbe5ycmYI3DlZqVGZZtDgl4DmasFg7gOB3JYbphV5g=="],

    "face-api.js": ["face-api.js@0.22.2", "", { "dependencies": { "@tensorflow/tfjs-core": "1.7.0", "tslib": "^1.11.1" } }, "sha512-9Bbv/yaBRTKCXjiDqzryeKhYxmgSjJ7ukvOvEBy6krA0Ah/vNBlsf7iBNfJljWiPA8Tys1/MnB3lyP2Hfmsuyw=="],

    "node-fetch": ["node-fetch@2.1.2", "", {}, "sha512-IHLHYskTc2arMYsHZH82PVX8CSKT5lzb7AXeyO06QnjGDKtkv+pv3mEki6S7reB/x1QPo+YPxQRNEVgR5V/w3Q=="],

    "seedrandom": ["seedrandom@2.4.3", "", {}, "sha512-2CkZ9Wn2dS4mMUWQaXLsOAfGD+irMlLEeSP3cMxpGbgyOOzJGFa+MWCOMTOCMyZinHRPxyOj/S/C57li/1to6Q=="],

    "sql.js": ["sql.js@1.14.2", "", {}, "sha512-3ZGPovObMFrdw79zrUHbfdE/DLIsy8jdNdssmMSQuRAymedU6q84asPt0kgiqrdMYlPegDItiIMfmIXzZnYFcw=="],

    "tslib": ["tslib@1.14.1", "", {}, "sha512-Xni35NKzjgMrwevysHTCArtLDpPvye8zV/0E4EyYn43P7/7qvQwPh9BGkHewbMulVntbigmcT7rdX3BNo9wRJg=="],

    "undici-types": ["undici-types@8.9.0", "", {}, "sha512-KTDyRTYX8sWmKXAikPHHSyc63CRPETMctyjKFupcC6OBLXT3xsN0e9aF7m+mIXutFWpUXuedtowG7iLOzp0kQg=="],
  }
}
